
Microsoft Visual Studio Solution File, Format Version 11.00
# Visual Studio 2010
Project("{FAE04EC0-301F-11D3-BF4B-00C04F79EFBC}") = "Sessao3", "Sessao3\Sessao3.csproj", "{49E6E689-DA9E-4056-9EA0-280E921E3AF3}"
EndProject
Project("{FAE04EC0-301F-11D3-BF4B-00C04F79EFBC}") = "Sessao2", "..\..\Sessao2 - CTS\Sessao2\Sessao2\Sessao2.csproj", "{2F723CB0-4793-42BE-ADCD-3540BFA1FD71}"
EndProject
Project("{FAE04EC0-301F-11D3-BF4B-00C04F79EFBC}") = "WinFormSessao3", "..\..\..\PROMPT11-01-VMEssentials\src\Sessao3 - CTS Part2\WinFormSessao3.csproj", "{26AFAA41-F16E-4CB4-BEC4-AEDEA4E8E233}"
EndProject
Global
	GlobalSection(SolutionConfigurationPlatforms) = preSolution
		Debug|Any CPU = Debug|Any CPU
		Debug|x86 = Debug|x86
		Release|Any CPU = Release|Any CPU
		Release|x86 = Release|x86
	EndGlobalSection
	GlobalSection(ProjectConfigurationPlatforms) = postSolution
		{49E6E689-DA9E-4056-9EA0-280E921E3AF3}.Debug|Any CPU.ActiveCfg = Debug|x86
		{49E6E689-DA9E-4056-9EA0-280E921E3AF3}.Debug|x86.ActiveCfg = Debug|x86
		{49E6E689-DA9E-4056-9EA0-280E921E3AF3}.Debug|x86.Build.0 = Debug|x86
		{49E6E689-DA9E-4056-9EA0-280E921E3AF3}.Release|Any CPU.ActiveCfg = Release|x86
		{49E6E689-DA9E-4056-9EA0-280E921E3AF3}.Release|x86.ActiveCfg = Release|x86
		{49E6E689-DA9E-4056-9EA0-280E921E3AF3}.Release|x86.Build.0 = Release|x86
		{2F723CB0-4793-42BE-ADCD-3540BFA1FD71}.Debug|Any CPU.ActiveCfg = Debug|x86
		{2F723CB0-4793-42BE-ADCD-3540BFA1FD71}.Debug|x86.ActiveCfg = Debug|x86
		{2F723CB0-4793-42BE-ADCD-3540BFA1FD71}.Debug|x86.Build.0 = Debug|x86
		{2F723CB0-4793-42BE-ADCD-3540BFA1FD71}.Release|Any CPU.ActiveCfg = Release|x86
		{2F723CB0-4793-42BE-ADCD-3540BFA1FD71}.Release|x86.ActiveCfg = Release|x86
		{2F723CB0-4793-42BE-ADCD-3540BFA1FD71}.Release|x86.Build.0 = Release|x86
		{26AFAA41-F16E-4CB4-BEC4-AEDEA4E8E233}.Debug|Any CPU.ActiveCfg = Debug|Any CPU
		{26AFAA41-F16E-4CB4-BEC4-AEDEA4E8E233}.Debug|Any CPU.Build.0 = Debug|Any CPU
		{26AFAA41-F16E-4CB4-BEC4-AEDEA4E8E233}.Debug|x86.ActiveCfg = Debug|x86
		{26AFAA41-F16E-4CB4-BEC4-AEDEA4E8E233}.Debug|x86.Build.0 = Debug|x86
		{26AFAA41-F16E-4CB4-BEC4-AEDEA4E8E233}.Release|Any CPU.ActiveCfg = Release|Any CPU
		{26AFAA41-F16E-4CB4-BEC4-AEDEA4E8E233}.Release|Any CPU.Build.0 = Release|Any CPU
		{26AFAA41-F16E-4CB4-BEC4-AEDEA4E8E233}.Release|x86.ActiveCfg = Release|x86
		{26AFAA41-F16E-4CB4-BEC4-AEDEA4E8E233}.Release|x86.Build.0 = Release|x86
	EndGlobalSection
	GlobalSection(SolutionProperties) = preSolution
		HideSolutionNode = FALSE
	EndGlobalSection
EndGlobal
